// !$*UTF8*$!
{
	archiveVersion = 1;
	classes = {
	};
	objectVersion = 55;
	objects = {

/* Begin PBXBuildFile section */
		DD31696D281B3E0200042524 /* TextFieldsView.swift in Sources */ = {isa = PBXBuildFile; fileRef = DD31696C281B3E0100042524 /* TextFieldsView.swift */; };
		DD77CA64281C7DCE00CCBB86 /* CellMyProduct.swift in Sources */ = {isa = PBXBuildFile; fileRef = DD77CA63281C7DCE00CCBB86 /* CellMyProduct.swift */; };
		DD77CA74281DCE7900CCBB86 /* ViewModifier.swift in Sources */ = {isa = PBXBuildFile; fileRef = DD77CA73281DCE7800CCBB86 /* ViewModifier.swift */; };
		DD77CA952822DB1D00CCBB86 /* AllProducts.swift in Sources */ = {isa = PBXBuildFile; fileRef = DD77CA942822DB1A00CCBB86 /* AllProducts.swift */; };
		DD89A95D2811EDA100FFE7EF /* ShopAddProducts.swift in Sources */ = {isa = PBXBuildFile; fileRef = DD89A95C2811EDA100FFE7EF /* ShopAddProducts.swift */; };
		DD89A95F2812E8FB00FFE7EF /* ImagePicker.swift in Sources */ = {isa = PBXBuildFile; fileRef = DD89A95E2812E8FB00FFE7EF /* ImagePicker.swift */; };
		DD89A962281337E200FFE7EF /* Product.swift in Sources */ = {isa = PBXBuildFile; fileRef = DD89A961281337E100FFE7EF /* Product.swift */; };
		DD89A9642813387D00FFE7EF /* ProductViewModel.swift in Sources */ = {isa = PBXBuildFile; fileRef = DD89A9632813387C00FFE7EF /* ProductViewModel.swift */; };
		DD89A96628133D9A00FFE7EF /* MyProducts.swift in Sources */ = {isa = PBXBuildFile; fileRef = DD89A96528133D9900FFE7EF /* MyProducts.swift */; };
		DD8E9BCE2811A2EC00546B39 /* LoadingView.swift in Sources */ = {isa = PBXBuildFile; fileRef = DD8E9BCD2811A2EC00546B39 /* LoadingView.swift */; };
		DDBE7535280E047A00A5B883 /* MarketPlaceApp.swift in Sources */ = {isa = PBXBuildFile; fileRef = DDBE7534280E047A00A5B883 /* MarketPlaceApp.swift */; };
		DDBE7537280E047A00A5B883 /* ContentView.swift in Sources */ = {isa = PBXBuildFile; fileRef = DDBE7536280E047A00A5B883 /* ContentView.swift */; };
		DDBE7539280E047D00A5B883 /* Assets.xcassets in Resources */ = {isa = PBXBuildFile; fileRef = DDBE7538280E047D00A5B883 /* Assets.xcassets */; };
		DDBE753C280E047D00A5B883 /* Preview Assets.xcassets in Resources */ = {isa = PBXBuildFile; fileRef = DDBE753B280E047D00A5B883 /* Preview Assets.xcassets */; };
		DDBE7544280E063700A5B883 /* FirebaseAnalytics in Frameworks */ = {isa = PBXBuildFile; productRef = DDBE7543280E063700A5B883 /* FirebaseAnalytics */; };
		DDBE7546280E063700A5B883 /* FirebaseAnalyticsSwift-Beta in Frameworks */ = {isa = PBXBuildFile; productRef = DDBE7545280E063700A5B883 /* FirebaseAnalyticsSwift-Beta */; };
		DDBE7548280E063700A5B883 /* FirebaseAnalyticsWithoutAdIdSupport in Frameworks */ = {isa = PBXBuildFile; productRef = DDBE7547280E063700A5B883 /* FirebaseAnalyticsWithoutAdIdSupport */; };
		DDBE754A280E063700A5B883 /* FirebaseAppCheck in Frameworks */ = {isa = PBXBuildFile; productRef = DDBE7549280E063700A5B883 /* FirebaseAppCheck */; };
		DDBE754C280E063700A5B883 /* FirebaseAppDistribution-Beta in Frameworks */ = {isa = PBXBuildFile; productRef = DDBE754B280E063700A5B883 /* FirebaseAppDistribution-Beta */; };
		DDBE754E280E063700A5B883 /* FirebaseAuth in Frameworks */ = {isa = PBXBuildFile; productRef = DDBE754D280E063700A5B883 /* FirebaseAuth */; };
		DDBE7550280E063700A5B883 /* FirebaseAuthCombine-Community in Frameworks */ = {isa = PBXBuildFile; productRef = DDBE754F280E063700A5B883 /* FirebaseAuthCombine-Community */; };
		DDBE7552280E063700A5B883 /* FirebaseCrashlytics in Frameworks */ = {isa = PBXBuildFile; productRef = DDBE7551280E063700A5B883 /* FirebaseCrashlytics */; };
		DDBE7554280E063700A5B883 /* FirebaseDatabase in Frameworks */ = {isa = PBXBuildFile; productRef = DDBE7553280E063700A5B883 /* FirebaseDatabase */; };
		DDBE7556280E063700A5B883 /* FirebaseDatabaseSwift-Beta in Frameworks */ = {isa = PBXBuildFile; productRef = DDBE7555280E063700A5B883 /* FirebaseDatabaseSwift-Beta */; };
		DDBE7558280E063700A5B883 /* FirebaseDynamicLinks in Frameworks */ = {isa = PBXBuildFile; productRef = DDBE7557280E063700A5B883 /* FirebaseDynamicLinks */; };
		DDBE755A280E063700A5B883 /* FirebaseFirestore in Frameworks */ = {isa = PBXBuildFile; productRef = DDBE7559280E063700A5B883 /* FirebaseFirestore */; };
		DDBE755C280E063700A5B883 /* FirebaseFirestoreCombine-Community in Frameworks */ = {isa = PBXBuildFile; productRef = DDBE755B280E063700A5B883 /* FirebaseFirestoreCombine-Community */; };
		DDBE755E280E063700A5B883 /* FirebaseFirestoreSwift-Beta in Frameworks */ = {isa = PBXBuildFile; productRef = DDBE755D280E063700A5B883 /* FirebaseFirestoreSwift-Beta */; };
		DDBE7560280E063700A5B883 /* FirebaseFunctions in Frameworks */ = {isa = PBXBuildFile; productRef = DDBE755F280E063700A5B883 /* FirebaseFunctions */; };
		DDBE7562280E063700A5B883 /* FirebaseFunctionsCombine-Community in Frameworks */ = {isa = PBXBuildFile; productRef = DDBE7561280E063700A5B883 /* FirebaseFunctionsCombine-Community */; };
		DDBE7564280E063700A5B883 /* FirebaseFunctionsSwift-Beta in Frameworks */ = {isa = PBXBuildFile; productRef = DDBE7563280E063700A5B883 /* FirebaseFunctionsSwift-Beta */; };
		DDBE7566280E063700A5B883 /* FirebaseInAppMessaging-Beta in Frameworks */ = {isa = PBXBuildFile; productRef = DDBE7565280E063700A5B883 /* FirebaseInAppMessaging-Beta */; };
		DDBE7568280E063700A5B883 /* FirebaseInAppMessagingSwift-Beta in Frameworks */ = {isa = PBXBuildFile; productRef = DDBE7567280E063700A5B883 /* FirebaseInAppMessagingSwift-Beta */; };
		DDBE756A280E063700A5B883 /* FirebaseInstallations in Frameworks */ = {isa = PBXBuildFile; productRef = DDBE7569280E063700A5B883 /* FirebaseInstallations */; };
		DDBE756C280E063700A5B883 /* FirebaseMLModelDownloader in Frameworks */ = {isa = PBXBuildFile; productRef = DDBE756B280E063700A5B883 /* FirebaseMLModelDownloader */; };
		DDBE756E280E063700A5B883 /* FirebaseMessaging in Frameworks */ = {isa = PBXBuildFile; productRef = DDBE756D280E063700A5B883 /* FirebaseMessaging */; };
		DDBE7570280E063700A5B883 /* FirebasePerformance in Frameworks */ = {isa = PBXBuildFile; productRef = DDBE756F280E063700A5B883 /* FirebasePerformance */; };
		DDBE7572280E063700A5B883 /* FirebaseRemoteConfig in Frameworks */ = {isa = PBXBuildFile; productRef = DDBE7571280E063700A5B883 /* FirebaseRemoteConfig */; };
		DDBE7574280E063700A5B883 /* FirebaseRemoteConfigSwift-Beta in Frameworks */ = {isa = PBXBuildFile; productRef = DDBE7573280E063700A5B883 /* FirebaseRemoteConfigSwift-Beta */; };
		DDBE7576280E063700A5B883 /* FirebaseStorage in Frameworks */ = {isa = PBXBuildFile; productRef = DDBE7575280E063700A5B883 /* FirebaseStorage */; };
		DDBE7578280E063700A5B883 /* FirebaseStorageCombine-Community in Frameworks */ = {isa = PBXBuildFile; productRef = DDBE7577280E063700A5B883 /* FirebaseStorageCombine-Community */; };
		DDBE757A280E063700A5B883 /* FirebaseStorageSwift-Beta in Frameworks */ = {isa = PBXBuildFile; productRef = DDBE7579280E063700A5B883 /* FirebaseStorageSwift-Beta */; };
		DDBE757F280E06D300A5B883 /* GoogleService-Info.plist in Resources */ = {isa = PBXBuildFile; fileRef = DDBE757E280E06D300A5B883 /* GoogleService-Info.plist */; };
		DDBE7581280E07A500A5B883 /* ShopModel.swift in Sources */ = {isa = PBXBuildFile; fileRef = DDBE7580280E07A500A5B883 /* ShopModel.swift */; };
		DDBE7584280E083E00A5B883 /* Login.swift in Sources */ = {isa = PBXBuildFile; fileRef = DDBE7583280E083E00A5B883 /* Login.swift */; };
		DDBE7586280E085D00A5B883 /* LoginView.swift in Sources */ = {isa = PBXBuildFile; fileRef = DDBE7585280E085D00A5B883 /* LoginView.swift */; };
		DDBE7588280E087E00A5B883 /* SignUP.swift in Sources */ = {isa = PBXBuildFile; fileRef = DDBE7587280E087E00A5B883 /* SignUP.swift */; };
		DDBE758B280E08B200A5B883 /* ShopInformation.swift in Sources */ = {isa = PBXBuildFile; fileRef = DDBE758A280E08B200A5B883 /* ShopInformation.swift */; };
		DDBE758D280E08E100A5B883 /* FireBase.swift in Sources */ = {isa = PBXBuildFile; fileRef = DDBE758C280E08E100A5B883 /* FireBase.swift */; };
		DDBE758F280E08F800A5B883 /* Registration.swift in Sources */ = {isa = PBXBuildFile; fileRef = DDBE758E280E08F800A5B883 /* Registration.swift */; };
		DDBE7591280E091800A5B883 /* Shop.swift in Sources */ = {isa = PBXBuildFile; fileRef = DDBE7590280E091800A5B883 /* Shop.swift */; };
		DDBE7593280E0AA600A5B883 /* ClipShape.swift in Sources */ = {isa = PBXBuildFile; fileRef = DDBE7592280E0AA600A5B883 /* ClipShape.swift */; };
		DDBE75952810525700A5B883 /* ShopMenu.swift in Sources */ = {isa = PBXBuildFile; fileRef = DDBE75942810525500A5B883 /* ShopMenu.swift */; };
/* End PBXBuildFile section */

/* Begin PBXFileReference section */
		DD31696C281B3E0100042524 /* TextFieldsView.swift */ = {isa = PBXFileReference; lastKnownFileType = sourcecode.swift; path = TextFieldsView.swift; sourceTree = "<group>"; };
		DD77CA63281C7DCE00CCBB86 /* CellMyProduct.swift */ = {isa = PBXFileReference; lastKnownFileType = sourcecode.swift; path = CellMyProduct.swift; sourceTree = "<group>"; };
		DD77CA73281DCE7800CCBB86 /* ViewModifier.swift */ = {isa = PBXFileReference; lastKnownFileType = sourcecode.swift; path = ViewModifier.swift; sourceTree = "<group>"; };
		DD77CA942822DB1A00CCBB86 /* AllProducts.swift */ = {isa = PBXFileReference; lastKnownFileType = sourcecode.swift; path = AllProducts.swift; sourceTree = "<group>"; };
		DD89A95C2811EDA100FFE7EF /* ShopAddProducts.swift */ = {isa = PBXFileReference; lastKnownFileType = sourcecode.swift; path = ShopAddProducts.swift; sourceTree = "<group>"; };
		DD89A95E2812E8FB00FFE7EF /* ImagePicker.swift */ = {isa = PBXFileReference; lastKnownFileType = sourcecode.swift; path = ImagePicker.swift; sourceTree = "<group>"; };
		DD89A9602812F8DC00FFE7EF /* Info.plist */ = {isa = PBXFileReference; lastKnownFileType = text.plist; path = Info.plist; sourceTree = "<group>"; };
		DD89A961281337E100FFE7EF /* Product.swift */ = {isa = PBXFileReference; lastKnownFileType = sourcecode.swift; path = Product.swift; sourceTree = "<group>"; };
		DD89A9632813387C00FFE7EF /* ProductViewModel.swift */ = {isa = PBXFileReference; lastKnownFileType = sourcecode.swift; path = ProductViewModel.swift; sourceTree = "<group>"; };
		DD89A96528133D9900FFE7EF /* MyProducts.swift */ = {isa = PBXFileReference; lastKnownFileType = sourcecode.swift; path = MyProducts.swift; sourceTree = "<group>"; };
		DD8E9BCD2811A2EC00546B39 /* LoadingView.swift */ = {isa = PBXFileReference; lastKnownFileType = sourcecode.swift; path = LoadingView.swift; sourceTree = "<group>"; };
		DDBE7531280E047A00A5B883 /* MarketPlace.app */ = {isa = PBXFileReference; explicitFileType = wrapper.application; includeInIndex = 0; path = MarketPlace.app; sourceTree = BUILT_PRODUCTS_DIR; };
		DDBE7534280E047A00A5B883 /* MarketPlaceApp.swift */ = {isa = PBXFileReference; lastKnownFileType = sourcecode.swift; path = MarketPlaceApp.swift; sourceTree = "<group>"; };
		DDBE7536280E047A00A5B883 /* ContentView.swift */ = {isa = PBXFileReference; lastKnownFileType = sourcecode.swift; path = ContentView.swift; sourceTree = "<group>"; };
		DDBE7538280E047D00A5B883 /* Assets.xcassets */ = {isa = PBXFileReference; lastKnownFileType = folder.assetcatalog; path = Assets.xcassets; sourceTree = "<group>"; };
		DDBE753B280E047D00A5B883 /* Preview Assets.xcassets */ = {isa = PBXFileReference; lastKnownFileType = folder.assetcatalog; path = "Preview Assets.xcassets"; sourceTree = "<group>"; };
		DDBE757E280E06D300A5B883 /* GoogleService-Info.plist */ = {isa = PBXFileReference; fileEncoding = 4; lastKnownFileType = text.plist.xml; path = "GoogleService-Info.plist"; sourceTree = "<group>"; };
		DDBE7580280E07A500A5B883 /* ShopModel.swift */ = {isa = PBXFileReference; lastKnownFileType = sourcecode.swift; path = ShopModel.swift; sourceTree = "<group>"; };
		DDBE7583280E083E00A5B883 /* Login.swift */ = {isa = PBXFileReference; lastKnownFileType = sourcecode.swift; path = Login.swift; sourceTree = "<group>"; };
		DDBE7585280E085D00A5B883 /* LoginView.swift */ = {isa = PBXFileReference; lastKnownFileType = sourcecode.swift; path = LoginView.swift; sourceTree = "<group>"; };
		DDBE7587280E087E00A5B883 /* SignUP.swift */ = {isa = PBXFileReference; lastKnownFileType = sourcecode.swift; path = SignUP.swift; sourceTree = "<group>"; };
		DDBE758A280E08B200A5B883 /* ShopInformation.swift */ = {isa = PBXFileReference; lastKnownFileType = sourcecode.swift; path = ShopInformation.swift; sourceTree = "<group>"; };
		DDBE758C280E08E100A5B883 /* FireBase.swift */ = {isa = PBXFileReference; lastKnownFileType = sourcecode.swift; path = FireBase.swift; sourceTree = "<group>"; };
		DDBE758E280E08F800A5B883 /* Registration.swift */ = {isa = PBXFileReference; lastKnownFileType = sourcecode.swift; path = Registration.swift; sourceTree = "<group>"; };
		DDBE7590280E091800A5B883 /* Shop.swift */ = {isa = PBXFileReference; lastKnownFileType = sourcecode.swift; path = Shop.swift; sourceTree = "<group>"; };
		DDBE7592280E0AA600A5B883 /* ClipShape.swift */ = {isa = PBXFileReference; lastKnownFileType = sourcecode.swift; path = ClipShape.swift; sourceTree = "<group>"; };
		DDBE75942810525500A5B883 /* ShopMenu.swift */ = {isa = PBXFileReference; lastKnownFileType = sourcecode.swift; path = ShopMenu.swift; sourceTree = "<group>"; };
/* End PBXFileReference section */

/* Begin PBXFrameworksBuildPhase section */
		DDBE752E280E047A00A5B883 /* Frameworks */ = {
			isa = PBXFrameworksBuildPhase;
			buildActionMask = 2147483647;
			files = (
				DDBE755C280E063700A5B883 /* FirebaseFirestoreCombine-Community in Frameworks */,
				DDBE7556280E063700A5B883 /* FirebaseDatabaseSwift-Beta in Frameworks */,
				DDBE7558280E063700A5B883 /* FirebaseDynamicLinks in Frameworks */,
				DDBE754A280E063700A5B883 /* FirebaseAppCheck in Frameworks */,
				DDBE754E280E063700A5B883 /* FirebaseAuth in Frameworks */,
				DDBE757A280E063700A5B883 /* FirebaseStorageSwift-Beta in Frameworks */,
				DDBE7546280E063700A5B883 /* FirebaseAnalyticsSwift-Beta in Frameworks */,
				DDBE7574280E063700A5B883 /* FirebaseRemoteConfigSwift-Beta in Frameworks */,
				DDBE756C280E063700A5B883 /* FirebaseMLModelDownloader in Frameworks */,
				DDBE755A280E063700A5B883 /* FirebaseFirestore in Frameworks */,
				DDBE7562280E063700A5B883 /* FirebaseFunctionsCombine-Community in Frameworks */,
				DDBE754C280E063700A5B883 /* FirebaseAppDistribution-Beta in Frameworks */,
				DDBE7548280E063700A5B883 /* FirebaseAnalyticsWithoutAdIdSupport in Frameworks */,
				DDBE755E280E063700A5B883 /* FirebaseFirestoreSwift-Beta in Frameworks */,
				DDBE7566280E063700A5B883 /* FirebaseInAppMessaging-Beta in Frameworks */,
				DDBE7552280E063700A5B883 /* FirebaseCrashlytics in Frameworks */,
				DDBE7554280E063700A5B883 /* FirebaseDatabase in Frameworks */,
				DDBE7578280E063700A5B883 /* FirebaseStorageCombine-Community in Frameworks */,
				DDBE7572280E063700A5B883 /* FirebaseRemoteConfig in Frameworks */,
				DDBE7564280E063700A5B883 /* FirebaseFunctionsSwift-Beta in Frameworks */,
				DDBE7560280E063700A5B883 /* FirebaseFunctions in Frameworks */,
				DDBE7570280E063700A5B883 /* FirebasePerformance in Frameworks */,
				DDBE7568280E063700A5B883 /* FirebaseInAppMessagingSwift-Beta in Frameworks */,
				DDBE7576280E063700A5B883 /* FirebaseStorage in Frameworks */,
				DDBE7550280E063700A5B883 /* FirebaseAuthCombine-Community in Frameworks */,
				DDBE7544280E063700A5B883 /* FirebaseAnalytics in Frameworks */,
				DDBE756E280E063700A5B883 /* FirebaseMessaging in Frameworks */,
				DDBE756A280E063700A5B883 /* FirebaseInstallations in Frameworks */,
			);
			runOnlyForDeploymentPostprocessing = 0;
		};
/* End PBXFrameworksBuildPhase section */

/* Begin PBXGroup section */
		DDBE7528280E047A00A5B883 = {
			isa = PBXGroup;
			children = (
				DDBE7533280E047A00A5B883 /* MarketPlace */,
				DDBE7532280E047A00A5B883 /* Products */,
			);
			sourceTree = "<group>";
		};
		DDBE7532280E047A00A5B883 /* Products */ = {
			isa = PBXGroup;
			children = (
				DDBE7531280E047A00A5B883 /* MarketPlace.app */,
			);
			name = Products;
			sourceTree = "<group>";
		};
		DDBE7533280E047A00A5B883 /* MarketPlace */ = {
			isa = PBXGroup;
			children = (
				DDBE757D280E067200A5B883 /* Model */,
				DDBE757C280E066800A5B883 /* View */,
				DDBE757B280E065500A5B883 /* ViewModel */,
				DDBE7534280E047A00A5B883 /* MarketPlaceApp.swift */,
				DDBE7538280E047D00A5B883 /* Assets.xcassets */,
				DDBE757E280E06D300A5B883 /* GoogleService-Info.plist */,
				DD89A9602812F8DC00FFE7EF /* Info.plist */,
				DDBE753A280E047D00A5B883 /* Preview Content */,
				DDBE7592280E0AA600A5B883 /* ClipShape.swift */,
			);
			path = MarketPlace;
			sourceTree = "<group>";
		};
		DDBE753A280E047D00A5B883 /* Preview Content */ = {
			isa = PBXGroup;
			children = (
				DDBE753B280E047D00A5B883 /* Preview Assets.xcassets */,
			);
			path = "Preview Content";
			sourceTree = "<group>";
		};
		DDBE757B280E065500A5B883 /* ViewModel */ = {
			isa = PBXGroup;
			children = (
				DDBE758C280E08E100A5B883 /* FireBase.swift */,
				DDBE758E280E08F800A5B883 /* Registration.swift */,
				DDBE7590280E091800A5B883 /* Shop.swift */,
				DD89A95E2812E8FB00FFE7EF /* ImagePicker.swift */,
				DD89A9632813387C00FFE7EF /* ProductViewModel.swift */,
			);
			path = ViewModel;
			sourceTree = "<group>";
		};
		DDBE757C280E066800A5B883 /* View */ = {
			isa = PBXGroup;
			children = (
				DDBE7589280E089E00A5B883 /* Shop */,
				DDBE7582280E081B00A5B883 /* Registration */,
				DDBE7536280E047A00A5B883 /* ContentView.swift */,
				DD8E9BCD2811A2EC00546B39 /* LoadingView.swift */,
			);
			path = View;
			sourceTree = "<group>";
		};
		DDBE757D280E067200A5B883 /* Model */ = {
			isa = PBXGroup;
			children = (
				DDBE7580280E07A500A5B883 /* ShopModel.swift */,
				DD89A961281337E100FFE7EF /* Product.swift */,
			);
			path = Model;
			sourceTree = "<group>";
		};
		DDBE7582280E081B00A5B883 /* Registration */ = {
			isa = PBXGroup;
			children = (
				DDBE7583280E083E00A5B883 /* Login.swift */,
				DDBE7585280E085D00A5B883 /* LoginView.swift */,
				DDBE7587280E087E00A5B883 /* SignUP.swift */,
			);
			path = Registration;
			sourceTree = "<group>";
		};
		DDBE7589280E089E00A5B883 /* Shop */ = {
			isa = PBXGroup;
			children = (
				DDBE758A280E08B200A5B883 /* ShopInformation.swift */,
				DDBE75942810525500A5B883 /* ShopMenu.swift */,
				DD89A95C2811EDA100FFE7EF /* ShopAddProducts.swift */,
				DD89A96528133D9900FFE7EF /* MyProducts.swift */,
				DD31696C281B3E0100042524 /* TextFieldsView.swift */,
				DD77CA63281C7DCE00CCBB86 /* CellMyProduct.swift */,
				DD77CA73281DCE7800CCBB86 /* ViewModifier.swift */,
				DD77CA942822DB1A00CCBB86 /* AllProducts.swift */,
			);
			path = Shop;
			sourceTree = "<group>";
		};
/* End PBXGroup section */

/* Begin PBXNativeTarget section */
		DDBE7530280E047A00A5B883 /* MarketPlace */ = {
			isa = PBXNativeTarget;
			buildConfigurationList = DDBE753F280E047D00A5B883 /* Build configuration list for PBXNativeTarget "MarketPlace" */;
			buildPhases = (
				DDBE752D280E047A00A5B883 /* Sources */,
				DDBE752E280E047A00A5B883 /* Frameworks */,
				DDBE752F280E047A00A5B883 /* Resources */,
			);
			buildRules = (
			);
			dependencies = (
			);
			name = MarketPlace;
			packageProductDependencies = (
				DDBE7543280E063700A5B883 /* FirebaseAnalytics */,
				DDBE7545280E063700A5B883 /* FirebaseAnalyticsSwift-Beta */,
				DDBE7547280E063700A5B883 /* FirebaseAnalyticsWithoutAdIdSupport */,
				DDBE7549280E063700A5B883 /* FirebaseAppCheck */,
				DDBE754B280E063700A5B883 /* FirebaseAppDistribution-Beta */,
				DDBE754D280E063700A5B883 /* FirebaseAuth */,
				DDBE754F280E063700A5B883 /* FirebaseAuthCombine-Community */,
				DDBE7551280E063700A5B883 /* FirebaseCrashlytics */,
				DDBE7553280E063700A5B883 /* FirebaseDatabase */,
				DDBE7555280E063700A5B883 /* FirebaseDatabaseSwift-Beta */,
				DDBE7557280E063700A5B883 /* FirebaseDynamicLinks */,
				DDBE7559280E063700A5B883 /* FirebaseFirestore */,
				DDBE755B280E063700A5B883 /* FirebaseFirestoreCombine-Community */,
				DDBE755D280E063700A5B883 /* FirebaseFirestoreSwift-Beta */,
				DDBE755F280E063700A5B883 /* FirebaseFunctions */,
				DDBE7561280E063700A5B883 /* FirebaseFunctionsCombine-Community */,
				DDBE7563280E063700A5B883 /* FirebaseFunctionsSwift-Beta */,
				DDBE7565280E063700A5B883 /* FirebaseInAppMessaging-Beta */,
				DDBE7567280E063700A5B883 /* FirebaseInAppMessagingSwift-Beta */,
				DDBE7569280E063700A5B883 /* FirebaseInstallations */,
				DDBE756B280E063700A5B883 /* FirebaseMLModelDownloader */,
				DDBE756D280E063700A5B883 /* FirebaseMessaging */,
				DDBE756F280E063700A5B883 /* FirebasePerformance */,
				DDBE7571280E063700A5B883 /* FirebaseRemoteConfig */,
				DDBE7573280E063700A5B883 /* FirebaseRemoteConfigSwift-Beta */,
				DDBE7575280E063700A5B883 /* FirebaseStorage */,
				DDBE7577280E063700A5B883 /* FirebaseStorageCombine-Community */,
				DDBE7579280E063700A5B883 /* FirebaseStorageSwift-Beta */,
			);
			productName = MarketPlace;
			productReference = DDBE7531280E047A00A5B883 /* MarketPlace.app */;
			productType = "com.apple.product-type.application";
		};
/* End PBXNativeTarget section */

/* Begin PBXProject section */
		DDBE7529280E047A00A5B883 /* Project object */ = {
			isa = PBXProject;
			attributes = {
				BuildIndependentTargetsInParallel = 1;
				LastSwiftUpdateCheck = 1330;
				LastUpgradeCheck = 1330;
				TargetAttributes = {
					DDBE7530280E047A00A5B883 = {
						CreatedOnToolsVersion = 13.3.1;
					};
				};
			};
			buildConfigurationList = DDBE752C280E047A00A5B883 /* Build configuration list for PBXProject "MarketPlace" */;
			compatibilityVersion = "Xcode 13.0";
			developmentRegion = en;
			hasScannedForEncodings = 0;
			knownRegions = (
				en,
				Base,
			);
			mainGroup = DDBE7528280E047A00A5B883;
			packageReferences = (
				DDBE7542280E063700A5B883 /* XCRemoteSwiftPackageReference "firebase-ios-sdk" */,
			);
			productRefGroup = DDBE7532280E047A00A5B883 /* Products */;
			projectDirPath = "";
			projectRoot = "";
			targets = (
				DDBE7530280E047A00A5B883 /* MarketPlace */,
			);
		};
/* End PBXProject section */

/* Begin PBXResourcesBuildPhase section */
		DDBE752F280E047A00A5B883 /* Resources */ = {
			isa = PBXResourcesBuildPhase;
			buildActionMask = 2147483647;
			files = (
				DDBE753C280E047D00A5B883 /* Preview Assets.xcassets in Resources */,
				DDBE7539280E047D00A5B883 /* Assets.xcassets in Resources */,
				DDBE757F280E06D300A5B883 /* GoogleService-Info.plist in Resources */,
			);
			runOnlyForDeploymentPostprocessing = 0;
		};
/* End PBXResourcesBuildPhase section */

/* Begin PBXSourcesBuildPhase section */
		DDBE752D280E047A00A5B883 /* Sources */ = {
			isa = PBXSourcesBuildPhase;
			buildActionMask = 2147483647;
			files = (
				DD89A9642813387D00FFE7EF /* ProductViewModel.swift in Sources */,
				DDBE75952810525700A5B883 /* ShopMenu.swift in Sources */,
				DDBE7537280E047A00A5B883 /* ContentView.swift in Sources */,
				DD89A96628133D9A00FFE7EF /* MyProducts.swift in Sources */,
				DDBE7588280E087E00A5B883 /* SignUP.swift in Sources */,
				DD89A95D2811EDA100FFE7EF /* ShopAddProducts.swift in Sources */,
				DDBE758D280E08E100A5B883 /* FireBase.swift in Sources */,
				DDBE7591280E091800A5B883 /* Shop.swift in Sources */,
				DDBE7535280E047A00A5B883 /* MarketPlaceApp.swift in Sources */,
				DD77CA64281C7DCE00CCBB86 /* CellMyProduct.swift in Sources */,
				DDBE758F280E08F800A5B883 /* Registration.swift in Sources */,
				DDBE7581280E07A500A5B883 /* ShopModel.swift in Sources */,
				DD89A962281337E200FFE7EF /* Product.swift in Sources */,
				DDBE7593280E0AA600A5B883 /* ClipShape.swift in Sources */,
				DDBE7586280E085D00A5B883 /* LoginView.swift in Sources */,
				DD77CA952822DB1D00CCBB86 /* AllProducts.swift in Sources */,
				DDBE7584280E083E00A5B883 /* Login.swift in Sources */,
				DD89A95F2812E8FB00FFE7EF /* ImagePicker.swift in Sources */,
				DD8E9BCE2811A2EC00546B39 /* LoadingView.swift in Sources */,
				DDBE758B280E08B200A5B883 /* ShopInformation.swift in Sources */,
				DD77CA74281DCE7900CCBB86 /* ViewModifier.swift in Sources */,
				DD31696D281B3E0200042524 /* TextFieldsView.swift in Sources */,
			);
			runOnlyForDeploymentPostprocessing = 0;
		};
/* End PBXSourcesBuildPhase section */

/* Begin XCBuildConfiguration section */
		DDBE753D280E047D00A5B883 /* Debug */ = {
			isa = XCBuildConfiguration;
			buildSettings = {
				ALWAYS_SEARCH_USER_PATHS = NO;
				CLANG_ANALYZER_NONNULL = YES;
				CLANG_ANALYZER_NUMBER_OBJECT_CONVERSION = YES_AGGRESSIVE;
				CLANG_CXX_LANGUAGE_STANDARD = "gnu++17";
				CLANG_ENABLE_MODULES = YES;
				CLANG_ENABLE_OBJC_ARC = YES;
				CLANG_ENABLE_OBJC_WEAK = YES;
				CLANG_WARN_BLOCK_CAPTURE_AUTORELEASING = YES;
				CLANG_WARN_BOOL_CONVERSION = YES;
				CLANG_WARN_COMMA = YES;
				CLANG_WARN_CONSTANT_CONVERSION = YES;
				CLANG_WARN_DEPRECATED_OBJC_IMPLEMENTATIONS = YES;
				CLANG_WARN_DIRECT_OBJC_ISA_USAGE = YES_ERROR;
				CLANG_WARN_DOCUMENTATION_COMMENTS = YES;
				CLANG_WARN_EMPTY_BODY = YES;
				CLANG_WARN_ENUM_CONVERSION = YES;
				CLANG_WARN_INFINITE_RECURSION = YES;
				CLANG_WARN_INT_CONVERSION = YES;
				CLANG_WARN_NON_LITERAL_NULL_CONVERSION = YES;
				CLANG_WARN_OBJC_IMPLICIT_RETAIN_SELF = YES;
				CLANG_WARN_OBJC_LITERAL_CONVERSION = YES;
				CLANG_WARN_OBJC_ROOT_CLASS = YES_ERROR;
				CLANG_WARN_QUOTED_INCLUDE_IN_FRAMEWORK_HEADER = YES;
				CLANG_WARN_RANGE_LOOP_ANALYSIS = YES;
				CLANG_WARN_STRICT_PROTOTYPES = YES;
				CLANG_WARN_SUSPICIOUS_MOVE = YES;
				CLANG_WARN_UNGUARDED_AVAILABILITY = YES_AGGRESSIVE;
				CLANG_WARN_UNREACHABLE_CODE = YES;
				CLANG_WARN__DUPLICATE_METHOD_MATCH = YES;
				COPY_PHASE_STRIP = NO;
				DEBUG_INFORMATION_FORMAT = dwarf;
				ENABLE_STRICT_OBJC_MSGSEND = YES;
				ENABLE_TESTABILITY = YES;
				GCC_C_LANGUAGE_STANDARD = gnu11;
				GCC_DYNAMIC_NO_PIC = NO;
				GCC_NO_COMMON_BLOCKS = YES;
				GCC_OPTIMIZATION_LEVEL = 0;
				GCC_PREPROCESSOR_DEFINITIONS = (
					"DEBUG=1",
					"$(inherited)",
				);
				GCC_WARN_64_TO_32_BIT_CONVERSION = YES;
				GCC_WARN_ABOUT_RETURN_TYPE = YES_ERROR;
				GCC_WARN_UNDECLARED_SELECTOR = YES;
				GCC_WARN_UNINITIALIZED_AUTOS = YES_AGGRESSIVE;
				GCC_WARN_UNUSED_FUNCTION = YES;
				GCC_WARN_UNUSED_VARIABLE = YES;
				IPHONEOS_DEPLOYMENT_TARGET = 15.4;
				MTL_ENABLE_DEBUG_INFO = INCLUDE_SOURCE;
				MTL_FAST_MATH = YES;
				ONLY_ACTIVE_ARCH = YES;
				SDKROOT = iphoneos;
				SWIFT_ACTIVE_COMPILATION_CONDITIONS = DEBUG;
				SWIFT_OPTIMIZATION_LEVEL = "-Onone";
			};
			name = Debug;
		};
		DDBE753E280E047D00A5B883 /* Release */ = {
			isa = XCBuildConfiguration;
			buildSettings = {
				ALWAYS_SEARCH_USER_PATHS = NO;
				CLANG_ANALYZER_NONNULL = YES;
				CLANG_ANALYZER_NUMBER_OBJECT_CONVERSION = YES_AGGRESSIVE;
				CLANG_CXX_LANGUAGE_STANDARD = "gnu++17";
				CLANG_ENABLE_MODULES = YES;
				CLANG_ENABLE_OBJC_ARC = YES;
				CLANG_ENABLE_OBJC_WEAK = YES;
				CLANG_WARN_BLOCK_CAPTURE_AUTORELEASING = YES;
				CLANG_WARN_BOOL_CONVERSION = YES;
				CLANG_WARN_COMMA = YES;
				CLANG_WARN_CONSTANT_CONVERSION = YES;
				CLANG_WARN_DEPRECATED_OBJC_IMPLEMENTATIONS = YES;
				CLANG_WARN_DIRECT_OBJC_ISA_USAGE = YES_ERROR;
				CLANG_WARN_DOCUMENTATION_COMMENTS = YES;
				CLANG_WARN_EMPTY_BODY = YES;
				CLANG_WARN_ENUM_CONVERSION = YES;
				CLANG_WARN_INFINITE_RECURSION = YES;
				CLANG_WARN_INT_CONVERSION = YES;
				CLANG_WARN_NON_LITERAL_NULL_CONVERSION = YES;
				CLANG_WARN_OBJC_IMPLICIT_RETAIN_SELF = YES;
				CLANG_WARN_OBJC_LITERAL_CONVERSION = YES;
				CLANG_WARN_OBJC_ROOT_CLASS = YES_ERROR;
				CLANG_WARN_QUOTED_INCLUDE_IN_FRAMEWORK_HEADER = YES;
				CLANG_WARN_RANGE_LOOP_ANALYSIS = YES;
				CLANG_WARN_STRICT_PROTOTYPES = YES;
				CLANG_WARN_SUSPICIOUS_MOVE = YES;
				CLANG_WARN_UNGUARDED_AVAILABILITY = YES_AGGRESSIVE;
				CLANG_WARN_UNREACHABLE_CODE = YES;
				CLANG_WARN__DUPLICATE_METHOD_MATCH = YES;
				COPY_PHASE_STRIP = NO;
				DEBUG_INFORMATION_FORMAT = "dwarf-with-dsym";
				ENABLE_NS_ASSERTIONS = NO;
				ENABLE_STRICT_OBJC_MSGSEND = YES;
				GCC_C_LANGUAGE_STANDARD = gnu11;
				GCC_NO_COMMON_BLOCKS = YES;
				GCC_WARN_64_TO_32_BIT_CONVERSION = YES;
				GCC_WARN_ABOUT_RETURN_TYPE = YES_ERROR;
				GCC_WARN_UNDECLARED_SELECTOR = YES;
				GCC_WARN_UNINITIALIZED_AUTOS = YES_AGGRESSIVE;
				GCC_WARN_UNUSED_FUNCTION = YES;
				GCC_WARN_UNUSED_VARIABLE = YES;
				IPHONEOS_DEPLOYMENT_TARGET = 15.4;
				MTL_ENABLE_DEBUG_INFO = NO;
				MTL_FAST_MATH = YES;
				SDKROOT = iphoneos;
				SWIFT_COMPILATION_MODE = wholemodule;
				SWIFT_OPTIMIZATION_LEVEL = "-O";
				VALIDATE_PRODUCT = YES;
			};
			name = Release;
		};
		DDBE7540280E047D00A5B883 /* Debug */ = {
			isa = XCBuildConfiguration;
			buildSettings = {
				ASSETCATALOG_COMPILER_APPICON_NAME = AppIcon;
				ASSETCATALOG_COMPILER_GLOBAL_ACCENT_COLOR_NAME = AccentColor;
				CODE_SIGN_STYLE = Automatic;
				CURRENT_PROJECT_VERSION = 1;
				DEVELOPMENT_ASSET_PATHS = "\"MarketPlace/Preview Content\"";
				DEVELOPMENT_TEAM = B9S2MDX3F7;
				ENABLE_PREVIEWS = YES;
				GENERATE_INFOPLIST_FILE = YES;
				INFOPLIST_FILE = MarketPlace/Info.plist;
				INFOPLIST_KEY_UIApplicationSceneManifest_Generation = YES;
				INFOPLIST_KEY_UIApplicationSupportsIndirectInputEvents = YES;
				INFOPLIST_KEY_UILaunchScreen_Generation = YES;
				INFOPLIST_KEY_UISupportedInterfaceOrientations_iPad = "UIInterfaceOrientationPortrait UIInterfaceOrientationPortraitUpsideDown UIInterfaceOrientationLandscapeLeft UIInterfaceOrientationLandscapeRight";
				INFOPLIST_KEY_UISupportedInterfaceOrientations_iPhone = "UIInterfaceOrientationPortrait UIInterfaceOrientationLandscapeLeft UIInterfaceOrientationLandscapeRight";
				LD_RUNPATH_SEARCH_PATHS = (
					"$(inherited)",
					"@executable_path/Frameworks",
				);
				MARKETING_VERSION = 1.0;
				PRODUCT_BUNDLE_IDENTIFIER = "-1101.MarketPlace";
				PRODUCT_NAME = "$(TARGET_NAME)";
				SWIFT_EMIT_LOC_STRINGS = YES;
				SWIFT_VERSION = 5.0;
				TARGETED_DEVICE_FAMILY = "1,2";
			};
			name = Debug;
		};
		DDBE7541280E047D00A5B883 /* Release */ = {
			isa = XCBuildConfiguration;
			buildSettings = {
				ASSETCATALOG_COMPILER_APPICON_NAME = AppIcon;
				ASSETCATALOG_COMPILER_GLOBAL_ACCENT_COLOR_NAME = AccentColor;
				CODE_SIGN_STYLE = Automatic;
				CURRENT_PROJECT_VERSION = 1;
				DEVELOPMENT_ASSET_PATHS = "\"MarketPlace/Preview Content\"";
				DEVELOPMENT_TEAM = B9S2MDX3F7;
				ENABLE_PREVIEWS = YES;
				GENERATE_INFOPLIST_FILE = YES;
				INFOPLIST_FILE = MarketPlace/Info.plist;
				INFOPLIST_KEY_UIApplicationSceneManifest_Generation = YES;
				INFOPLIST_KEY_UIApplicationSupportsIndirectInputEvents = YES;
				INFOPLIST_KEY_UILaunchScreen_Generation = YES;
				INFOPLIST_KEY_UISupportedInterfaceOrientations_iPad = "UIInterfaceOrientationPortrait UIInterfaceOrientationPortraitUpsideDown UIInterfaceOrientationLandscapeLeft UIInterfaceOrientationLandscapeRight";
				INFOPLIST_KEY_UISupportedInterfaceOrientations_iPhone = "UIInterfaceOrientationPortrait UIInterfaceOrientationLandscapeLeft UIInterfaceOrientationLandscapeRight";
				LD_RUNPATH_SEARCH_PATHS = (
					"$(inherited)",
					"@executable_path/Frameworks",
				);
				MARKETING_VERSION = 1.0;
				PRODUCT_BUNDLE_IDENTIFIER = "-1101.MarketPlace";
				PRODUCT_NAME = "$(TARGET_NAME)";
				SWIFT_EMIT_LOC_STRINGS = YES;
				SWIFT_VERSION = 5.0;
				TARGETED_DEVICE_FAMILY = "1,2";
			};
			name = Release;
		};
/* End XCBuildConfiguration section */

/* Begin XCConfigurationList section */
		DDBE752C280E047A00A5B883 /* Build configuration list for PBXProject "MarketPlace" */ = {
			isa = XCConfigurationList;
			buildConfigurations = (
				DDBE753D280E047D00A5B883 /* Debug */,
				DDBE753E280E047D00A5B883 /* Release */,
			);
			defaultConfigurationIsVisible = 0;
			defaultConfigurationName = Release;
		};
		DDBE753F280E047D00A5B883 /* Build configuration list for PBXNativeTarget "MarketPlace" */ = {
			isa = XCConfigurationList;
			buildConfigurations = (
				DDBE7540280E047D00A5B883 /* Debug */,
				DDBE7541280E047D00A5B883 /* Release */,
			);
			defaultConfigurationIsVisible = 0;
			defaultConfigurationName = Release;
		};
/* End XCConfigurationList section */

/* Begin XCRemoteSwiftPackageReference section */
		DDBE7542280E063700A5B883 /* XCRemoteSwiftPackageReference "firebase-ios-sdk" */ = {
			isa = XCRemoteSwiftPackageReference;
			repositoryURL = "https://github.com/firebase/firebase-ios-sdk";
			requirement = {
				kind = upToNextMajorVersion;
				minimumVersion = 8.0.0;
			};
		};
/* End XCRemoteSwiftPackageReference section */

/* Begin XCSwiftPackageProductDependency section */
		DDBE7543280E063700A5B883 /* FirebaseAnalytics */ = {
			isa = XCSwiftPackageProductDependency;
			package = DDBE7542280E063700A5B883 /* XCRemoteSwiftPackageReference "firebase-ios-sdk" */;
			productName = FirebaseAnalytics;
		};
		DDBE7545280E063700A5B883 /* FirebaseAnalyticsSwift-Beta */ = {
			isa = XCSwiftPackageProductDependency;
			package = DDBE7542280E063700A5B883 /* XCRemoteSwiftPackageReference "firebase-ios-sdk" */;
			productName = "FirebaseAnalyticsSwift-Beta";
		};
		DDBE7547280E063700A5B883 /* FirebaseAnalyticsWithoutAdIdSupport */ = {
			isa = XCSwiftPackageProductDependency;
			package = DDBE7542280E063700A5B883 /* XCRemoteSwiftPackageReference "firebase-ios-sdk" */;
			productName = FirebaseAnalyticsWithoutAdIdSupport;
		};
		DDBE7549280E063700A5B883 /* FirebaseAppCheck */ = {
			isa = XCSwiftPackageProductDependency;
			package = DDBE7542280E063700A5B883 /* XCRemoteSwiftPackageReference "firebase-ios-sdk" */;
			productName = FirebaseAppCheck;
		};
		DDBE754B280E063700A5B883 /* FirebaseAppDistribution-Beta */ = {
			isa = XCSwiftPackageProductDependency;
			package = DDBE7542280E063700A5B883 /* XCRemoteSwiftPackageReference "firebase-ios-sdk" */;
			productName = "FirebaseAppDistribution-Beta";
		};
		DDBE754D280E063700A5B883 /* FirebaseAuth */ = {
			isa = XCSwiftPackageProductDependency;
			package = DDBE7542280E063700A5B883 /* XCRemoteSwiftPackageReference "firebase-ios-sdk" */;
			productName = FirebaseAuth;
		};
		DDBE754F280E063700A5B883 /* FirebaseAuthCombine-Community */ = {
			isa = XCSwiftPackageProductDependency;
			package = DDBE7542280E063700A5B883 /* XCRemoteSwiftPackageReference "firebase-ios-sdk" */;
			productName = "FirebaseAuthCombine-Community";
		};
		DDBE7551280E063700A5B883 /* FirebaseCrashlytics */ = {
			isa = XCSwiftPackageProductDependency;
			package = DDBE7542280E063700A5B883 /* XCRemoteSwiftPackageReference "firebase-ios-sdk" */;
			productName = FirebaseCrashlytics;
		};
		DDBE7553280E063700A5B883 /* FirebaseDatabase */ = {
			isa = XCSwiftPackageProductDependency;
			package = DDBE7542280E063700A5B883 /* XCRemoteSwiftPackageReference "firebase-ios-sdk" */;
			productName = FirebaseDatabase;
		};
		DDBE7555280E063700A5B883 /* FirebaseDatabaseSwift-Beta */ = {
			isa = XCSwiftPackageProductDependency;
			package = DDBE7542280E063700A5B883 /* XCRemoteSwiftPackageReference "firebase-ios-sdk" */;
			productName = "FirebaseDatabaseSwift-Beta";
		};
		DDBE7557280E063700A5B883 /* FirebaseDynamicLinks */ = {
			isa = XCSwiftPackageProductDependency;
			package = DDBE7542280E063700A5B883 /* XCRemoteSwiftPackageReference "firebase-ios-sdk" */;
			productName = FirebaseDynamicLinks;
		};
		DDBE7559280E063700A5B883 /* FirebaseFirestore */ = {
			isa = XCSwiftPackageProductDependency;
			package = DDBE7542280E063700A5B883 /* XCRemoteSwiftPackageReference "firebase-ios-sdk" */;
			productName = FirebaseFirestore;
		};
		DDBE755B280E063700A5B883 /* FirebaseFirestoreCombine-Community */ = {
			isa = XCSwiftPackageProductDependency;
			package = DDBE7542280E063700A5B883 /* XCRemoteSwiftPackageReference "firebase-ios-sdk" */;
			productName = "FirebaseFirestoreCombine-Community";
		};
		DDBE755D280E063700A5B883 /* FirebaseFirestoreSwift-Beta */ = {
			isa = XCSwiftPackageProductDependency;
			package = DDBE7542280E063700A5B883 /* XCRemoteSwiftPackageReference "firebase-ios-sdk" */;
			productName = "FirebaseFirestoreSwift-Beta";
		};
		DDBE755F280E063700A5B883 /* FirebaseFunctions */ = {
			isa = XCSwiftPackageProductDependency;
			package = DDBE7542280E063700A5B883 /* XCRemoteSwiftPackageReference "firebase-ios-sdk" */;
			productName = FirebaseFunctions;
		};
		DDBE7561280E063700A5B883 /* FirebaseFunctionsCombine-Community */ = {
			isa = XCSwiftPackageProductDependency;
			package = DDBE7542280E063700A5B883 /* XCRemoteSwiftPackageReference "firebase-ios-sdk" */;
			productName = "FirebaseFunctionsCombine-Community";
		};
		DDBE7563280E063700A5B883 /* FirebaseFunctionsSwift-Beta */ = {
			isa = XCSwiftPackageProductDependency;
			package = DDBE7542280E063700A5B883 /* XCRemoteSwiftPackageReference "firebase-ios-sdk" */;
			productName = "FirebaseFunctionsSwift-Beta";
		};
		DDBE7565280E063700A5B883 /* FirebaseInAppMessaging-Beta */ = {
			isa = XCSwiftPackageProductDependency;
			package = DDBE7542280E063700A5B883 /* XCRemoteSwiftPackageReference "firebase-ios-sdk" */;
			productName = "FirebaseInAppMessaging-Beta";
		};
		DDBE7567280E063700A5B883 /* FirebaseInAppMessagingSwift-Beta */ = {
			isa = XCSwiftPackageProductDependency;
			package = DDBE7542280E063700A5B883 /* XCRemoteSwiftPackageReference "firebase-ios-sdk" */;
			productName = "FirebaseInAppMessagingSwift-Beta";
		};
		DDBE7569280E063700A5B883 /* FirebaseInstallations */ = {
			isa = XCSwiftPackageProductDependency;
			package = DDBE7542280E063700A5B883 /* XCRemoteSwiftPackageReference "firebase-ios-sdk" */;
			productName = FirebaseInstallations;
		};
		DDBE756B280E063700A5B883 /* FirebaseMLModelDownloader */ = {
			isa = XCSwiftPackageProductDependency;
			package = DDBE7542280E063700A5B883 /* XCRemoteSwiftPackageReference "firebase-ios-sdk" */;
			productName = FirebaseMLModelDownloader;
		};
		DDBE756D280E063700A5B883 /* FirebaseMessaging */ = {
			isa = XCSwiftPackageProductDependency;
			package = DDBE7542280E063700A5B883 /* XCRemoteSwiftPackageReference "firebase-ios-sdk" */;
			productName = FirebaseMessaging;
		};
		DDBE756F280E063700A5B883 /* FirebasePerformance */ = {
			isa = XCSwiftPackageProductDependency;
			package = DDBE7542280E063700A5B883 /* XCRemoteSwiftPackageReference "firebase-ios-sdk" */;
			productName = FirebasePerformance;
		};
		DDBE7571280E063700A5B883 /* FirebaseRemoteConfig */ = {
			isa = XCSwiftPackageProductDependency;
			package = DDBE7542280E063700A5B883 /* XCRemoteSwiftPackageReference "firebase-ios-sdk" */;
			productName = FirebaseRemoteConfig;
		};
		DDBE7573280E063700A5B883 /* FirebaseRemoteConfigSwift-Beta */ = {
			isa = XCSwiftPackageProductDependency;
			package = DDBE7542280E063700A5B883 /* XCRemoteSwiftPackageReference "firebase-ios-sdk" */;
			productName = "FirebaseRemoteConfigSwift-Beta";
		};
		DDBE7575280E063700A5B883 /* FirebaseStorage */ = {
			isa = XCSwiftPackageProductDependency;
			package = DDBE7542280E063700A5B883 /* XCRemoteSwiftPackageReference "firebase-ios-sdk" */;
			productName = FirebaseStorage;
		};
		DDBE7577280E063700A5B883 /* FirebaseStorageCombine-Community */ = {
			isa = XCSwiftPackageProductDependency;
			package = DDBE7542280E063700A5B883 /* XCRemoteSwiftPackageReference "firebase-ios-sdk" */;
			productName = "FirebaseStorageCombine-Community";
		};
		DDBE7579280E063700A5B883 /* FirebaseStorageSwift-Beta */ = {
			isa = XCSwiftPackageProductDependency;
			package = DDBE7542280E063700A5B883 /* XCRemoteSwiftPackageReference "firebase-ios-sdk" */;
			productName = "FirebaseStorageSwift-Beta";
		};
/* End XCSwiftPackageProductDependency section */
	};
	rootObject = DDBE7529280E047A00A5B883 /* Project object */;
}
